
Microsoft Visual Studio Solution File, Format Version 12.00
# Visual Studio 15
VisualStudioVersion = 15.0.27703.2026
MinimumVisualStudioVersion = 10.0.40219.1
Project("{FAE04EC0-301F-11D3-BF4B-00C04F79EFBC}") = "MoviePractice", "MoviePractice\MoviePractice.csproj", "{84C23CFC-B22A-4D54-B2E0-CE3B8713AD5F}"
EndProject
Global
	GlobalSection(SolutionConfigurationPlatforms) = preSolution
		Debug|Any CPU = Debug|Any CPU
		Release|Any CPU = Release|Any CPU
	EndGlobalSection
	GlobalSection(ProjectConfigurationPlatforms) = postSolution
		{84C23CFC-B22A-4D54-B2E0-CE3B8713AD5F}.Debug|Any CPU.ActiveCfg = Debug|Any CPU
		{84C23CFC-B22A-4D54-B2E0-CE3B8713AD5F}.Debug|Any CPU.Build.0 = Debug|Any CPU
		{84C23CFC-B22A-4D54-B2E0-CE3B8713AD5F}.Release|Any CPU.ActiveCfg = Release|Any CPU
		{84C23CFC-B22A-4D54-B2E0-CE3B8713AD5F}.Release|Any CPU.Build.0 = Release|Any CPU
	EndGlobalSection
	GlobalSection(SolutionProperties) = preSolution
		HideSolutionNode = FALSE
	EndGlobalSection
	GlobalSection(ExtensibilityGlobals) = postSolution
		SolutionGuid = {CB06AD4A-45EB-4383-B53F-8FA510747888}
	EndGlobalSection
EndGlobal
